// !$*UTF8*$!
{
	archiveVersion = 1;
	classes = {
	};
	objectVersion = 55;
	objects = {

/* Begin PBXBuildFile section */
		EE1ED90F27D36B1700E0EC25 /* BotonRectangular.swift in Sources */ = {isa = PBXBuildFile; fileRef = EE1ED90E27D36B1700E0EC25 /* BotonRectangular.swift */; };
		EE21970D27E12C3E00F13FDB /* BotonSymbol.swift in Sources */ = {isa = PBXBuildFile; fileRef = EE21970C27E12C3E00F13FDB /* BotonSymbol.swift */; };
		EE21970F27E12D3B00F13FDB /* BotonImage.swift in Sources */ = {isa = PBXBuildFile; fileRef = EE21970E27E12D3B00F13FDB /* BotonImage.swift */; };
		EE21971127E12E0D00F13FDB /* BotonesMenuInicial.swift in Sources */ = {isa = PBXBuildFile; fileRef = EE21971027E12E0D00F13FDB /* BotonesMenuInicial.swift */; };
		EE41BC3827DAEBF200A7C8D6 /* VistaPrincipal.swift in Sources */ = {isa = PBXBuildFile; fileRef = EE41BC3727DAEBF200A7C8D6 /* VistaPrincipal.swift */; };
		EE41BC3A27DAF08800A7C8D6 /* Marcador.swift in Sources */ = {isa = PBXBuildFile; fileRef = EE41BC3927DAF08800A7C8D6 /* Marcador.swift */; };
		EE41BC3C27DB03A800A7C8D6 /* MenuInicial.swift in Sources */ = {isa = PBXBuildFile; fileRef = EE41BC3B27DB03A800A7C8D6 /* MenuInicial.swift */; };
		EE4E36A427C3A9A600B60513 /* PalaApp.swift in Sources */ = {isa = PBXBuildFile; fileRef = EE4E36A327C3A9A600B60513 /* PalaApp.swift */; };
		EE4E36A627C3A9A600B60513 /* Juego.swift in Sources */ = {isa = PBXBuildFile; fileRef = EE4E36A527C3A9A600B60513 /* Juego.swift */; };
		EE4E36A827C3A9A700B60513 /* Assets.xcassets in Resources */ = {isa = PBXBuildFile; fileRef = EE4E36A727C3A9A700B60513 /* Assets.xcassets */; };
		EE4E36AB27C3A9A700B60513 /* Preview Assets.xcassets in Resources */ = {isa = PBXBuildFile; fileRef = EE4E36AA27C3A9A700B60513 /* Preview Assets.xcassets */; };
		EE8DAEAB27C3FFA200204D09 /* Teclado.swift in Sources */ = {isa = PBXBuildFile; fileRef = EE8DAEAA27C3FFA200204D09 /* Teclado.swift */; };
		EE8DAEAF27C41B2F00204D09 /* Logo.swift in Sources */ = {isa = PBXBuildFile; fileRef = EE8DAEAE27C41B2F00204D09 /* Logo.swift */; };
		EE8DAEB127C41C1100204D09 /* MenuDesplegable.swift in Sources */ = {isa = PBXBuildFile; fileRef = EE8DAEB027C41C1100204D09 /* MenuDesplegable.swift */; };
		EE8DCB5F27E14A12006F0E0E /* Mail.swift in Sources */ = {isa = PBXBuildFile; fileRef = EE8DCB5E27E14A12006F0E0E /* Mail.swift */; };
		EE9BEDE727DDFB180063D387 /* BotonSalir.swift in Sources */ = {isa = PBXBuildFile; fileRef = EE9BEDE627DDFB180063D387 /* BotonSalir.swift */; };
		EEC2633127E2A54D007B428A /* MenuViewModel.swift in Sources */ = {isa = PBXBuildFile; fileRef = EEC2633027E2A54D007B428A /* MenuViewModel.swift */; };
		EEC2633327E2A944007B428A /* Alerta.swift in Sources */ = {isa = PBXBuildFile; fileRef = EEC2633227E2A944007B428A /* Alerta.swift */; };
		EEDE0DD527C5AD2600DF9AFE /* Cubito.swift in Sources */ = {isa = PBXBuildFile; fileRef = EEDE0DD427C5AD2600DF9AFE /* Cubito.swift */; };
		EEE4344027CEBF1E00509DF2 /* Tecla.swift in Sources */ = {isa = PBXBuildFile; fileRef = EEE4343F27CEBF1E00509DF2 /* Tecla.swift */; };
		EEEA7DC627C8492400FCECD3 /* RoundPopUp.swift in Sources */ = {isa = PBXBuildFile; fileRef = EEEA7DC527C8492400FCECD3 /* RoundPopUp.swift */; };
/* End PBXBuildFile section */

/* Begin PBXCopyFilesBuildPhase section */
		EE8DAEA527C3FEFA00204D09 /* Embed App Extensions */ = {
			isa = PBXCopyFilesBuildPhase;
			buildActionMask = 2147483647;
			dstPath = "";
			dstSubfolderSpec = 13;
			files = (
			);
			name = "Embed App Extensions";
			runOnlyForDeploymentPostprocessing = 0;
		};
/* End PBXCopyFilesBuildPhase section */

/* Begin PBXFileReference section */
		EE1ED90E27D36B1700E0EC25 /* BotonRectangular.swift */ = {isa = PBXFileReference; lastKnownFileType = sourcecode.swift; path = BotonRectangular.swift; sourceTree = "<group>"; };
		EE21970C27E12C3E00F13FDB /* BotonSymbol.swift */ = {isa = PBXFileReference; lastKnownFileType = sourcecode.swift; path = BotonSymbol.swift; sourceTree = "<group>"; };
		EE21970E27E12D3B00F13FDB /* BotonImage.swift */ = {isa = PBXFileReference; lastKnownFileType = sourcecode.swift; path = BotonImage.swift; sourceTree = "<group>"; };
		EE21971027E12E0D00F13FDB /* BotonesMenuInicial.swift */ = {isa = PBXFileReference; lastKnownFileType = sourcecode.swift; path = BotonesMenuInicial.swift; sourceTree = "<group>"; };
		EE41BC3727DAEBF200A7C8D6 /* VistaPrincipal.swift */ = {isa = PBXFileReference; lastKnownFileType = sourcecode.swift; path = VistaPrincipal.swift; sourceTree = "<group>"; };
		EE41BC3927DAF08800A7C8D6 /* Marcador.swift */ = {isa = PBXFileReference; lastKnownFileType = sourcecode.swift; path = Marcador.swift; sourceTree = "<group>"; };
		EE41BC3B27DB03A800A7C8D6 /* MenuInicial.swift */ = {isa = PBXFileReference; lastKnownFileType = sourcecode.swift; path = MenuInicial.swift; sourceTree = "<group>"; };
		EE4E36A027C3A9A600B60513 /* Pala.app */ = {isa = PBXFileReference; explicitFileType = wrapper.application; includeInIndex = 0; path = Pala.app; sourceTree = BUILT_PRODUCTS_DIR; };
		EE4E36A327C3A9A600B60513 /* PalaApp.swift */ = {isa = PBXFileReference; lastKnownFileType = sourcecode.swift; path = PalaApp.swift; sourceTree = "<group>"; };
		EE4E36A527C3A9A600B60513 /* Juego.swift */ = {isa = PBXFileReference; lastKnownFileType = sourcecode.swift; path = Juego.swift; sourceTree = "<group>"; };
		EE4E36A727C3A9A700B60513 /* Assets.xcassets */ = {isa = PBXFileReference; lastKnownFileType = folder.assetcatalog; path = Assets.xcassets; sourceTree = "<group>"; };
		EE4E36AA27C3A9A700B60513 /* Preview Assets.xcassets */ = {isa = PBXFileReference; lastKnownFileType = folder.assetcatalog; path = "Preview Assets.xcassets"; sourceTree = "<group>"; };
		EE8DAEAA27C3FFA200204D09 /* Teclado.swift */ = {isa = PBXFileReference; lastKnownFileType = sourcecode.swift; path = Teclado.swift; sourceTree = "<group>"; };
		EE8DAEAE27C41B2F00204D09 /* Logo.swift */ = {isa = PBXFileReference; lastKnownFileType = sourcecode.swift; path = Logo.swift; sourceTree = "<group>"; };
		EE8DAEB027C41C1100204D09 /* MenuDesplegable.swift */ = {isa = PBXFileReference; lastKnownFileType = sourcecode.swift; path = MenuDesplegable.swift; sourceTree = "<group>"; };
		EE8DCB5E27E14A12006F0E0E /* Mail.swift */ = {isa = PBXFileReference; lastKnownFileType = sourcecode.swift; path = Mail.swift; sourceTree = "<group>"; };
		EE9BEDE627DDFB180063D387 /* BotonSalir.swift */ = {isa = PBXFileReference; lastKnownFileType = sourcecode.swift; path = BotonSalir.swift; sourceTree = "<group>"; };
		EEC2633027E2A54D007B428A /* MenuViewModel.swift */ = {isa = PBXFileReference; fileEncoding = 4; lastKnownFileType = sourcecode.swift; path = MenuViewModel.swift; sourceTree = "<group>"; };
		EEC2633227E2A944007B428A /* Alerta.swift */ = {isa = PBXFileReference; lastKnownFileType = sourcecode.swift; path = Alerta.swift; sourceTree = "<group>"; };
		EEDE0DD427C5AD2600DF9AFE /* Cubito.swift */ = {isa = PBXFileReference; lastKnownFileType = sourcecode.swift; path = Cubito.swift; sourceTree = "<group>"; };
		EEE4343F27CEBF1E00509DF2 /* Tecla.swift */ = {isa = PBXFileReference; lastKnownFileType = sourcecode.swift; path = Tecla.swift; sourceTree = "<group>"; };
		EEEA7DC527C8492400FCECD3 /* RoundPopUp.swift */ = {isa = PBXFileReference; lastKnownFileType = sourcecode.swift; path = RoundPopUp.swift; sourceTree = "<group>"; };
/* End PBXFileReference section */

/* Begin PBXFrameworksBuildPhase section */
		EE4E369D27C3A9A600B60513 /* Frameworks */ = {
			isa = PBXFrameworksBuildPhase;
			buildActionMask = 2147483647;
			files = (
			);
			runOnlyForDeploymentPostprocessing = 0;
		};
/* End PBXFrameworksBuildPhase section */

/* Begin PBXGroup section */
		EE4E369727C3A9A600B60513 = {
			isa = PBXGroup;
			children = (
				EE4E36A227C3A9A600B60513 /* Pala */,
				EE4E36A127C3A9A600B60513 /* Products */,
			);
			sourceTree = "<group>";
		};
		EE4E36A127C3A9A600B60513 /* Products */ = {
			isa = PBXGroup;
			children = (
				EE4E36A027C3A9A600B60513 /* Pala.app */,
			);
			name = Products;
			sourceTree = "<group>";
		};
		EE4E36A227C3A9A600B60513 /* Pala */ = {
			isa = PBXGroup;
			children = (
				EE4E36A327C3A9A600B60513 /* PalaApp.swift */,
				EE8DAEAE27C41B2F00204D09 /* Logo.swift */,
				EE1ED90E27D36B1700E0EC25 /* BotonRectangular.swift */,
				EE4E36A527C3A9A600B60513 /* Juego.swift */,
				EEDE0DD427C5AD2600DF9AFE /* Cubito.swift */,
				EE8DAEAA27C3FFA200204D09 /* Teclado.swift */,
				EEE4343F27CEBF1E00509DF2 /* Tecla.swift */,
				EEEA7DC527C8492400FCECD3 /* RoundPopUp.swift */,
				EE41BC3927DAF08800A7C8D6 /* Marcador.swift */,
				EE41BC3727DAEBF200A7C8D6 /* VistaPrincipal.swift */,
				EE41BC3B27DB03A800A7C8D6 /* MenuInicial.swift */,
				EEC2633027E2A54D007B428A /* MenuViewModel.swift */,
				EE21971027E12E0D00F13FDB /* BotonesMenuInicial.swift */,
				EE9BEDE627DDFB180063D387 /* BotonSalir.swift */,
				EE21970C27E12C3E00F13FDB /* BotonSymbol.swift */,
				EE21970E27E12D3B00F13FDB /* BotonImage.swift */,
				EE8DCB5E27E14A12006F0E0E /* Mail.swift */,
				EEC2633227E2A944007B428A /* Alerta.swift */,
				EE4E36A727C3A9A700B60513 /* Assets.xcassets */,
				EE8DAEB027C41C1100204D09 /* MenuDesplegable.swift */,
				EE4E36A927C3A9A700B60513 /* Preview Content */,
			);
			path = Pala;
			sourceTree = "<group>";
		};
		EE4E36A927C3A9A700B60513 /* Preview Content */ = {
			isa = PBXGroup;
			children = (
				EE4E36AA27C3A9A700B60513 /* Preview Assets.xcassets */,
			);
			path = "Preview Content";
			sourceTree = "<group>";
		};
/* End PBXGroup section */

/* Begin PBXNativeTarget section */
		EE4E369F27C3A9A600B60513 /* Pala */ = {
			isa = PBXNativeTarget;
			buildConfigurationList = EE4E36AE27C3A9A700B60513 /* Build configuration list for PBXNativeTarget "Pala" */;
			buildPhases = (
				EE4E369C27C3A9A600B60513 /* Sources */,
				EE4E369D27C3A9A600B60513 /* Frameworks */,
				EE4E369E27C3A9A600B60513 /* Resources */,
				EE8DAEA527C3FEFA00204D09 /* Embed App Extensions */,
			);
			buildRules = (
			);
			dependencies = (
			);
			name = Pala;
			productName = Pala;
			productReference = EE4E36A027C3A9A600B60513 /* Pala.app */;
			productType = "com.apple.product-type.application";
		};
/* End PBXNativeTarget section */

/* Begin PBXProject section */
		EE4E369827C3A9A600B60513 /* Project object */ = {
			isa = PBXProject;
			attributes = {
				BuildIndependentTargetsInParallel = 1;
				LastSwiftUpdateCheck = 1320;
				LastUpgradeCheck = 1320;
				TargetAttributes = {
					EE4E369F27C3A9A600B60513 = {
						CreatedOnToolsVersion = 13.2.1;
					};
				};
			};
			buildConfigurationList = EE4E369B27C3A9A600B60513 /* Build configuration list for PBXProject "Pala" */;
			compatibilityVersion = "Xcode 13.0";
			developmentRegion = en;
			hasScannedForEncodings = 0;
			knownRegions = (
				en,
				Base,
			);
			mainGroup = EE4E369727C3A9A600B60513;
			productRefGroup = EE4E36A127C3A9A600B60513 /* Products */;
			projectDirPath = "";
			projectRoot = "";
			targets = (
				EE4E369F27C3A9A600B60513 /* Pala */,
			);
		};
/* End PBXProject section */

/* Begin PBXResourcesBuildPhase section */
		EE4E369E27C3A9A600B60513 /* Resources */ = {
			isa = PBXResourcesBuildPhase;
			buildActionMask = 2147483647;
			files = (
				EE4E36AB27C3A9A700B60513 /* Preview Assets.xcassets in Resources */,
				EE4E36A827C3A9A700B60513 /* Assets.xcassets in Resources */,
			);
			runOnlyForDeploymentPostprocessing = 0;
		};
/* End PBXResourcesBuildPhase section */

/* Begin PBXSourcesBuildPhase section */
		EE4E369C27C3A9A600B60513 /* Sources */ = {
			isa = PBXSourcesBuildPhase;
			buildActionMask = 2147483647;
			files = (
				EE8DCB5F27E14A12006F0E0E /* Mail.swift in Sources */,
				EEC2633327E2A944007B428A /* Alerta.swift in Sources */,
				EE21970F27E12D3B00F13FDB /* BotonImage.swift in Sources */,
				EE4E36A627C3A9A600B60513 /* Juego.swift in Sources */,
				EEC2633127E2A54D007B428A /* MenuViewModel.swift in Sources */,
				EE8DAEAF27C41B2F00204D09 /* Logo.swift in Sources */,
				EE21971127E12E0D00F13FDB /* BotonesMenuInicial.swift in Sources */,
				EEEA7DC627C8492400FCECD3 /* RoundPopUp.swift in Sources */,
				EEE4344027CEBF1E00509DF2 /* Tecla.swift in Sources */,
				EE8DAEB127C41C1100204D09 /* MenuDesplegable.swift in Sources */,
				EE41BC3C27DB03A800A7C8D6 /* MenuInicial.swift in Sources */,
				EE9BEDE727DDFB180063D387 /* BotonSalir.swift in Sources */,
				EE41BC3A27DAF08800A7C8D6 /* Marcador.swift in Sources */,
				EE21970D27E12C3E00F13FDB /* BotonSymbol.swift in Sources */,
				EEDE0DD527C5AD2600DF9AFE /* Cubito.swift in Sources */,
				EE41BC3827DAEBF200A7C8D6 /* VistaPrincipal.swift in Sources */,
				EE1ED90F27D36B1700E0EC25 /* BotonRectangular.swift in Sources */,
				EE8DAEAB27C3FFA200204D09 /* Teclado.swift in Sources */,
				EE4E36A427C3A9A600B60513 /* PalaApp.swift in Sources */,
			);
			runOnlyForDeploymentPostprocessing = 0;
		};
/* End PBXSourcesBuildPhase section */

/* Begin XCBuildConfiguration section */
		EE4E36AC27C3A9A700B60513 /* Debug */ = {
			isa = XCBuildConfiguration;
			buildSettings = {
				ALWAYS_SEARCH_USER_PATHS = NO;
				CLANG_ANALYZER_NONNULL = YES;
				CLANG_ANALYZER_NUMBER_OBJECT_CONVERSION = YES_AGGRESSIVE;
				CLANG_CXX_LANGUAGE_STANDARD = "gnu++17";
				CLANG_CXX_LIBRARY = "libc++";
				CLANG_ENABLE_MODULES = YES;
				CLANG_ENABLE_OBJC_ARC = YES;
				CLANG_ENABLE_OBJC_WEAK = YES;
				CLANG_WARN_BLOCK_CAPTURE_AUTORELEASING = YES;
				CLANG_WARN_BOOL_CONVERSION = YES;
				CLANG_WARN_COMMA = YES;
				CLANG_WARN_CONSTANT_CONVERSION = YES;
				CLANG_WARN_DEPRECATED_OBJC_IMPLEMENTATIONS = YES;
				CLANG_WARN_DIRECT_OBJC_ISA_USAGE = YES_ERROR;
				CLANG_WARN_DOCUMENTATION_COMMENTS = YES;
				CLANG_WARN_EMPTY_BODY = YES;
				CLANG_WARN_ENUM_CONVERSION = YES;
				CLANG_WARN_INFINITE_RECURSION = YES;
				CLANG_WARN_INT_CONVERSION = YES;
				CLANG_WARN_NON_LITERAL_NULL_CONVERSION = YES;
				CLANG_WARN_OBJC_IMPLICIT_RETAIN_SELF = YES;
				CLANG_WARN_OBJC_LITERAL_CONVERSION = YES;
				CLANG_WARN_OBJC_ROOT_CLASS = YES_ERROR;
				CLANG_WARN_QUOTED_INCLUDE_IN_FRAMEWORK_HEADER = YES;
				CLANG_WARN_RANGE_LOOP_ANALYSIS = YES;
				CLANG_WARN_STRICT_PROTOTYPES = YES;
				CLANG_WARN_SUSPICIOUS_MOVE = YES;
				CLANG_WARN_UNGUARDED_AVAILABILITY = YES_AGGRESSIVE;
				CLANG_WARN_UNREACHABLE_CODE = YES;
				CLANG_WARN__DUPLICATE_METHOD_MATCH = YES;
				COPY_PHASE_STRIP = NO;
				DEBUG_INFORMATION_FORMAT = dwarf;
				ENABLE_STRICT_OBJC_MSGSEND = YES;
				ENABLE_TESTABILITY = YES;
				GCC_C_LANGUAGE_STANDARD = gnu11;
				GCC_DYNAMIC_NO_PIC = NO;
				GCC_NO_COMMON_BLOCKS = YES;
				GCC_OPTIMIZATION_LEVEL = 0;
				GCC_PREPROCESSOR_DEFINITIONS = (
					"DEBUG=1",
					"$(inherited)",
				);
				GCC_WARN_64_TO_32_BIT_CONVERSION = YES;
				GCC_WARN_ABOUT_RETURN_TYPE = YES_ERROR;
				GCC_WARN_UNDECLARED_SELECTOR = YES;
				GCC_WARN_UNINITIALIZED_AUTOS = YES_AGGRESSIVE;
				GCC_WARN_UNUSED_FUNCTION = YES;
				GCC_WARN_UNUSED_VARIABLE = YES;
				IPHONEOS_DEPLOYMENT_TARGET = 14.0;
				MTL_ENABLE_DEBUG_INFO = INCLUDE_SOURCE;
				MTL_FAST_MATH = YES;
				ONLY_ACTIVE_ARCH = YES;
				SDKROOT = iphoneos;
				SWIFT_ACTIVE_COMPILATION_CONDITIONS = DEBUG;
				SWIFT_OPTIMIZATION_LEVEL = "-Onone";
			};
			name = Debug;
		};
		EE4E36AD27C3A9A700B60513 /* Release */ = {
			isa = XCBuildConfiguration;
			buildSettings = {
				ALWAYS_SEARCH_USER_PATHS = NO;
				CLANG_ANALYZER_NONNULL = YES;
				CLANG_ANALYZER_NUMBER_OBJECT_CONVERSION = YES_AGGRESSIVE;
				CLANG_CXX_LANGUAGE_STANDARD = "gnu++17";
				CLANG_CXX_LIBRARY = "libc++";
				CLANG_ENABLE_MODULES = YES;
				CLANG_ENABLE_OBJC_ARC = YES;
				CLANG_ENABLE_OBJC_WEAK = YES;
				CLANG_WARN_BLOCK_CAPTURE_AUTORELEASING = YES;
				CLANG_WARN_BOOL_CONVERSION = YES;
				CLANG_WARN_COMMA = YES;
				CLANG_WARN_CONSTANT_CONVERSION = YES;
				CLANG_WARN_DEPRECATED_OBJC_IMPLEMENTATIONS = YES;
				CLANG_WARN_DIRECT_OBJC_ISA_USAGE = YES_ERROR;
				CLANG_WARN_DOCUMENTATION_COMMENTS = YES;
				CLANG_WARN_EMPTY_BODY = YES;
				CLANG_WARN_ENUM_CONVERSION = YES;
				CLANG_WARN_INFINITE_RECURSION = YES;
				CLANG_WARN_INT_CONVERSION = YES;
				CLANG_WARN_NON_LITERAL_NULL_CONVERSION = YES;
				CLANG_WARN_OBJC_IMPLICIT_RETAIN_SELF = YES;
				CLANG_WARN_OBJC_LITERAL_CONVERSION = YES;
				CLANG_WARN_OBJC_ROOT_CLASS = YES_ERROR;
				CLANG_WARN_QUOTED_INCLUDE_IN_FRAMEWORK_HEADER = YES;
				CLANG_WARN_RANGE_LOOP_ANALYSIS = YES;
				CLANG_WARN_STRICT_PROTOTYPES = YES;
				CLANG_WARN_SUSPICIOUS_MOVE = YES;
				CLANG_WARN_UNGUARDED_AVAILABILITY = YES_AGGRESSIVE;
				CLANG_WARN_UNREACHABLE_CODE = YES;
				CLANG_WARN__DUPLICATE_METHOD_MATCH = YES;
				COPY_PHASE_STRIP = NO;
				DEBUG_INFORMATION_FORMAT = "dwarf-with-dsym";
				ENABLE_NS_ASSERTIONS = NO;
				ENABLE_STRICT_OBJC_MSGSEND = YES;
				GCC_C_LANGUAGE_STANDARD = gnu11;
				GCC_NO_COMMON_BLOCKS = YES;
				GCC_WARN_64_TO_32_BIT_CONVERSION = YES;
				GCC_WARN_ABOUT_RETURN_TYPE = YES_ERROR;
				GCC_WARN_UNDECLARED_SELECTOR = YES;
				GCC_WARN_UNINITIALIZED_AUTOS = YES_AGGRESSIVE;
				GCC_WARN_UNUSED_FUNCTION = YES;
				GCC_WARN_UNUSED_VARIABLE = YES;
				IPHONEOS_DEPLOYMENT_TARGET = 14.0;
				MTL_ENABLE_DEBUG_INFO = NO;
				MTL_FAST_MATH = YES;
				SDKROOT = iphoneos;
				SWIFT_COMPILATION_MODE = wholemodule;
				SWIFT_OPTIMIZATION_LEVEL = "-O";
				VALIDATE_PRODUCT = YES;
			};
			name = Release;
		};
		EE4E36AF27C3A9A700B60513 /* Debug */ = {
			isa = XCBuildConfiguration;
			buildSettings = {
				ASSETCATALOG_COMPILER_APPICON_NAME = AppIcon;
				ASSETCATALOG_COMPILER_GLOBAL_ACCENT_COLOR_NAME = AccentColor;
				CODE_SIGN_STYLE = Automatic;
				CURRENT_PROJECT_VERSION = 1;
				DEVELOPMENT_ASSET_PATHS = "\"Pala/Preview Content\"";
				DEVELOPMENT_TEAM = FJSP79WGW4;
				ENABLE_PREVIEWS = YES;
				GENERATE_INFOPLIST_FILE = YES;
				INFOPLIST_KEY_UIApplicationSceneManifest_Generation = YES;
				INFOPLIST_KEY_UIApplicationSupportsIndirectInputEvents = YES;
				INFOPLIST_KEY_UILaunchScreen_Generation = YES;
				INFOPLIST_KEY_UISupportedInterfaceOrientations = UIInterfaceOrientationPortrait;
				INFOPLIST_KEY_UISupportedInterfaceOrientations_iPad = UIInterfaceOrientationPortrait;
				INFOPLIST_KEY_UISupportedInterfaceOrientations_iPhone = UIInterfaceOrientationPortrait;
				LD_RUNPATH_SEARCH_PATHS = (
					"$(inherited)",
					"@executable_path/Frameworks",
				);
				MARKETING_VERSION = 1.0;
				PRODUCT_BUNDLE_IDENTIFIER = jaimecastaneda.Pala;
				PRODUCT_NAME = "$(TARGET_NAME)";
				SWIFT_EMIT_LOC_STRINGS = YES;
				SWIFT_VERSION = 5.0;
				TARGETED_DEVICE_FAMILY = 1;
			};
			name = Debug;
		};
		EE4E36B027C3A9A700B60513 /* Release */ = {
			isa = XCBuildConfiguration;
			buildSettings = {
				ASSETCATALOG_COMPILER_APPICON_NAME = AppIcon;
				ASSETCATALOG_COMPILER_GLOBAL_ACCENT_COLOR_NAME = AccentColor;
				CODE_SIGN_STYLE = Automatic;
				CURRENT_PROJECT_VERSION = 1;
				DEVELOPMENT_ASSET_PATHS = "\"Pala/Preview Content\"";
				DEVELOPMENT_TEAM = FJSP79WGW4;
				ENABLE_PREVIEWS = YES;
				GENERATE_INFOPLIST_FILE = YES;
				INFOPLIST_KEY_UIApplicationSceneManifest_Generation = YES;
				INFOPLIST_KEY_UIApplicationSupportsIndirectInputEvents = YES;
				INFOPLIST_KEY_UILaunchScreen_Generation = YES;
				INFOPLIST_KEY_UISupportedInterfaceOrientations = UIInterfaceOrientationPortrait;
				INFOPLIST_KEY_UISupportedInterfaceOrientations_iPad = UIInterfaceOrientationPortrait;
				INFOPLIST_KEY_UISupportedInterfaceOrientations_iPhone = UIInterfaceOrientationPortrait;
				LD_RUNPATH_SEARCH_PATHS = (
					"$(inherited)",
					"@executable_path/Frameworks",
				);
				MARKETING_VERSION = 1.0;
				PRODUCT_BUNDLE_IDENTIFIER = jaimecastaneda.Pala;
				PRODUCT_NAME = "$(TARGET_NAME)";
				SWIFT_EMIT_LOC_STRINGS = YES;
				SWIFT_VERSION = 5.0;
				TARGETED_DEVICE_FAMILY = 1;
			};
			name = Release;
		};
/* End XCBuildConfiguration section */

/* Begin XCConfigurationList section */
		EE4E369B27C3A9A600B60513 /* Build configuration list for PBXProject "Pala" */ = {
			isa = XCConfigurationList;
			buildConfigurations = (
				EE4E36AC27C3A9A700B60513 /* Debug */,
				EE4E36AD27C3A9A700B60513 /* Release */,
			);
			defaultConfigurationIsVisible = 0;
			defaultConfigurationName = Release;
		};
		EE4E36AE27C3A9A700B60513 /* Build configuration list for PBXNativeTarget "Pala" */ = {
			isa = XCConfigurationList;
			buildConfigurations = (
				EE4E36AF27C3A9A700B60513 /* Debug */,
				EE4E36B027C3A9A700B60513 /* Release */,
			);
			defaultConfigurationIsVisible = 0;
			defaultConfigurationName = Release;
		};
/* End XCConfigurationList section */
	};
	rootObject = EE4E369827C3A9A600B60513 /* Project object */;
}
